
Microsoft Visual Studio Solution File, Format Version 12.00
# Visual Studio Version 17
VisualStudioVersion = 17.1.32414.318
MinimumVisualStudioVersion = 10.0.40219.1
Project("{FAE04EC0-301F-11D3-BF4B-00C04F79EFBC}") = "ImportImage", "ImportImage\ImportImage.csproj", "{958F5134-1AAF-4D10-9CA9-82205F270270}"
EndProject
Project("{FAE04EC0-301F-11D3-BF4B-00C04F79EFBC}") = "DemExApp", "DemExApp\DemExApp.csproj", "{080CF3AD-A86A-499C-9DF3-D5A429A9DA57}"
EndProject
Global
	GlobalSection(SolutionConfigurationPlatforms) = preSolution
		Debug|Any CPU = Debug|Any CPU
		Release|Any CPU = Release|Any CPU
	EndGlobalSection
	GlobalSection(ProjectConfigurationPlatforms) = postSolution
		{958F5134-1AAF-4D10-9CA9-82205F270270}.Debug|Any CPU.ActiveCfg = Debug|Any CPU
		{958F5134-1AAF-4D10-9CA9-82205F270270}.Debug|Any CPU.Build.0 = Debug|Any CPU
		{958F5134-1AAF-4D10-9CA9-82205F270270}.Release|Any CPU.ActiveCfg = Release|Any CPU
		{958F5134-1AAF-4D10-9CA9-82205F270270}.Release|Any CPU.Build.0 = Release|Any CPU
		{080CF3AD-A86A-499C-9DF3-D5A429A9DA57}.Debug|Any CPU.ActiveCfg = Debug|Any CPU
		{080CF3AD-A86A-499C-9DF3-D5A429A9DA57}.Debug|Any CPU.Build.0 = Debug|Any CPU
		{080CF3AD-A86A-499C-9DF3-D5A429A9DA57}.Release|Any CPU.ActiveCfg = Release|Any CPU
		{080CF3AD-A86A-499C-9DF3-D5A429A9DA57}.Release|Any CPU.Build.0 = Release|Any CPU
	EndGlobalSection
	GlobalSection(SolutionProperties) = preSolution
		HideSolutionNode = FALSE
	EndGlobalSection
	GlobalSection(ExtensibilityGlobals) = postSolution
		SolutionGuid = {5FC605F8-0FC7-46AB-8492-A520BCA8480E}
	EndGlobalSection
EndGlobal
